
Microsoft Visual Studio Solution File, Format Version 12.00
# Visual Studio 15
Project("{FAE04EC0-301F-11D3-BF4B-00C04F79EFBC}") = "CourseLab.Data", "CourseLab.Data\CourseLab.Data.csproj", "{2FDCA50B-A503-4EBC-9889-ADD84729E3A6}"
EndProject
Project("{FAE04EC0-301F-11D3-BF4B-00C04F79EFBC}") = "CourseLab.Services", "CourseLab.Services\CourseLab.Services.csproj", "{847C8DAB-480C-467A-8BAA-5CC3EB1F3A77}"
EndProject
Project("{FAE04EC0-301F-11D3-BF4B-00C04F79EFBC}") = "CourseLab.Web", "CourseLab.Web\CourseLab.Web.csproj", "{AA1E77B0-C58C-438D-8A58-EA6772F03973}"
EndProject
Project("{FAE04EC0-301F-11D3-BF4B-00C04F79EFBC}") = "CourseLab.ConsoleTest", "CourseLab.ConsoleTest\CourseLab.ConsoleTest.csproj", "{9C08495D-3C08-4797-88C7-A430060E745B}"
EndProject
Global
	GlobalSection(SolutionConfigurationPlatforms) = preSolution
		Debug|Any CPU = Debug|Any CPU
		Release|Any CPU = Release|Any CPU
	EndGlobalSection
	GlobalSection(ProjectConfigurationPlatforms) = postSolution
		{2FDCA50B-A503-4EBC-9889-ADD84729E3A6}.Debug|Any CPU.ActiveCfg = Debug|Any CPU
		{2FDCA50B-A503-4EBC-9889-ADD84729E3A6}.Debug|Any CPU.Build.0 = Debug|Any CPU
		{2FDCA50B-A503-4EBC-9889-ADD84729E3A6}.Release|Any CPU.ActiveCfg = Release|Any CPU
		{2FDCA50B-A503-4EBC-9889-ADD84729E3A6}.Release|Any CPU.Build.0 = Release|Any CPU
		{847C8DAB-480C-467A-8BAA-5CC3EB1F3A77}.Debug|Any CPU.ActiveCfg = Debug|Any CPU
		{847C8DAB-480C-467A-8BAA-5CC3EB1F3A77}.Debug|Any CPU.Build.0 = Debug|Any CPU
		{847C8DAB-480C-467A-8BAA-5CC3EB1F3A77}.Release|Any CPU.ActiveCfg = Release|Any CPU
		{847C8DAB-480C-467A-8BAA-5CC3EB1F3A77}.Release|Any CPU.Build.0 = Release|Any CPU
		{AA1E77B0-C58C-438D-8A58-EA6772F03973}.Debug|Any CPU.ActiveCfg = Debug|Any CPU
		{AA1E77B0-C58C-438D-8A58-EA6772F03973}.Debug|Any CPU.Build.0 = Debug|Any CPU
		{AA1E77B0-C58C-438D-8A58-EA6772F03973}.Release|Any CPU.ActiveCfg = Release|Any CPU
		{AA1E77B0-C58C-438D-8A58-EA6772F03973}.Release|Any CPU.Build.0 = Release|Any CPU
		{9C08495D-3C08-4797-88C7-A430060E745B}.Debug|Any CPU.ActiveCfg = Debug|Any CPU
		{9C08495D-3C08-4797-88C7-A430060E745B}.Debug|Any CPU.Build.0 = Debug|Any CPU
		{9C08495D-3C08-4797-88C7-A430060E745B}.Release|Any CPU.ActiveCfg = Release|Any CPU
		{9C08495D-3C08-4797-88C7-A430060E745B}.Release|Any CPU.Build.0 = Release|Any CPU
	EndGlobalSection
EndGlobal
